
Microsoft Visual Studio Solution File, Format Version 12.00
# Visual Studio Version 17
VisualStudioVersion = 17.14.36301.6 d17.14
MinimumVisualStudioVersion = 10.0.40219.1
Project("{FAE04EC0-301F-11D3-BF4B-00C04F79EFBC}") = "StartupApplications", "StartupApplications.csproj", "{9884F9EE-D1A4-4271-AD3A-CEDF3D5E73EB}"
EndProject
Global
	GlobalSection(SolutionConfigurationPlatforms) = preSolution
		Debug|Any CPU = Debug|Any CPU
		Release|Any CPU = Release|Any CPU
	EndGlobalSection
	GlobalSection(ProjectConfigurationPlatforms) = postSolution
		{9884F9EE-D1A4-4271-AD3A-CEDF3D5E73EB}.Debug|Any CPU.ActiveCfg = Debug|Any CPU
		{9884F9EE-D1A4-4271-AD3A-CEDF3D5E73EB}.Debug|Any CPU.Build.0 = Debug|Any CPU
		{9884F9EE-D1A4-4271-AD3A-CEDF3D5E73EB}.Release|Any CPU.ActiveCfg = Release|Any CPU
		{9884F9EE-D1A4-4271-AD3A-CEDF3D5E73EB}.Release|Any CPU.Build.0 = Release|Any CPU
	EndGlobalSection
	GlobalSection(SolutionProperties) = preSolution
		HideSolutionNode = FALSE
	EndGlobalSection
	GlobalSection(ExtensibilityGlobals) = postSolution
		SolutionGuid = {18C279E3-43A8-4AE4-AB62-0268C09FB4EA}
	EndGlobalSection
EndGlobal
